
Microsoft Visual Studio Solution File, Format Version 12.00
# Visual Studio Version 17
VisualStudioVersion = 17.0.32014.148
MinimumVisualStudioVersion = 10.0.40219.1
Project("{FAE04EC0-301F-11D3-BF4B-00C04F79EFBC}") = "Sist_de_Apostas", "Sist_de_Apostas\Sist_de_Apostas.csproj", "{F9718FC4-A97A-46C9-9AB1-CE3ABBE0FEB8}"
EndProject
Global
	GlobalSection(SolutionConfigurationPlatforms) = preSolution
		Debug|Any CPU = Debug|Any CPU
		Release|Any CPU = Release|Any CPU
	EndGlobalSection
	GlobalSection(ProjectConfigurationPlatforms) = postSolution
		{F9718FC4-A97A-46C9-9AB1-CE3ABBE0FEB8}.Debug|Any CPU.ActiveCfg = Debug|Any CPU
		{F9718FC4-A97A-46C9-9AB1-CE3ABBE0FEB8}.Debug|Any CPU.Build.0 = Debug|Any CPU
		{F9718FC4-A97A-46C9-9AB1-CE3ABBE0FEB8}.Release|Any CPU.ActiveCfg = Release|Any CPU
		{F9718FC4-A97A-46C9-9AB1-CE3ABBE0FEB8}.Release|Any CPU.Build.0 = Release|Any CPU
	EndGlobalSection
	GlobalSection(SolutionProperties) = preSolution
		HideSolutionNode = FALSE
	EndGlobalSection
	GlobalSection(ExtensibilityGlobals) = postSolution
		SolutionGuid = {25421CE2-AAC0-473D-9F5E-462F64AF9576}
	EndGlobalSection
EndGlobal
